{
  "pins" : [
    {
      "identity" : "wilhelmsklibrary",
      "kind" : "remoteSourceControl",
      "location" : "https://github.com/sbender9/WilhelmSKLibrary",
      "state" : {
        "revision" : "63343645fc4206cc36e91ae5e440e349c7ebfa62",
        "version" : "1.0.0"
      }
    }
  ],
  "version" : 2
}
